
Microsoft Visual Studio Solution File, Format Version 12.00
Project("{FAE04EC0-301F-11D3-BF4B-00C04F79EFBC}") = "Algorithm", "Algorithm\Algorithm.csproj", "{2DF6C42A-DAD5-4DD9-942B-AA485AC89942}"
EndProject
Project("{FAE04EC0-301F-11D3-BF4B-00C04F79EFBC}") = "TestAlgorithm", "TestAlgorithm\TestAlgorithm.csproj", "{5A422B67-B715-4A6A-A5F5-579646BE4A3B}"
EndProject
Global
	GlobalSection(SolutionConfigurationPlatforms) = preSolution
		Debug|Any CPU = Debug|Any CPU
		Release|Any CPU = Release|Any CPU
	EndGlobalSection
	GlobalSection(ProjectConfigurationPlatforms) = postSolution
		{2DF6C42A-DAD5-4DD9-942B-AA485AC89942}.Debug|Any CPU.ActiveCfg = Debug|Any CPU
		{2DF6C42A-DAD5-4DD9-942B-AA485AC89942}.Debug|Any CPU.Build.0 = Debug|Any CPU
		{2DF6C42A-DAD5-4DD9-942B-AA485AC89942}.Release|Any CPU.ActiveCfg = Release|Any CPU
		{2DF6C42A-DAD5-4DD9-942B-AA485AC89942}.Release|Any CPU.Build.0 = Release|Any CPU
		{5A422B67-B715-4A6A-A5F5-579646BE4A3B}.Debug|Any CPU.ActiveCfg = Debug|Any CPU
		{5A422B67-B715-4A6A-A5F5-579646BE4A3B}.Debug|Any CPU.Build.0 = Debug|Any CPU
		{5A422B67-B715-4A6A-A5F5-579646BE4A3B}.Release|Any CPU.ActiveCfg = Release|Any CPU
		{5A422B67-B715-4A6A-A5F5-579646BE4A3B}.Release|Any CPU.Build.0 = Release|Any CPU
	EndGlobalSection
EndGlobal
